{
  "requires": true,
  "lockfileVersion": 1,
  "dependencies": {
    "@swimlane/ngx-datatable": {
      "version": "14.0.0",
      "resolved": "http://registry.npm.taobao.org/@swimlane/ngx-datatable/download/@swimlane/ngx-datatable-14.0.0.tgz",
      "integrity": "sha1-YidiXizi6RQ3NdTe6zqzS4h0XCY="
    },
    "lodash": {
      "version": "4.17.11",
      "resolved": "http://registry.npm.taobao.org/lodash/download/lodash-4.17.11.tgz",
      "integrity": "sha1-s56mIp72B+zYniyN8SU2iRysm40="
    },
    "ng2-smart-table": {
      "version": "1.3.5",
      "resolved": "http://registry.npm.taobao.org/ng2-smart-table/download/ng2-smart-table-1.3.5.tgz",
      "integrity": "sha1-FBsLcfiSc9/aQUxN7S1ZOQ+COOo=",
      "requires": {
        "lodash": "^4.17.10"
      }
    }
  }
}
